// !$*UTF8*$!
{
	archiveVersion = 1;
	classes = {
	};
	objectVersion = 77;
	objects = {

/* Begin PBXContainerItemProxy section */
		F871E1E02D915ED300BBB76C /* PBXContainerItemProxy */ = {
			isa = PBXContainerItemProxy;
			containerPortal = F871E1C62D915ED000BBB76C /* Project object */;
			proxyType = 1;
			remoteGlobalIDString = F871E1CD2D915ED000BBB76C;
			remoteInfo = KneeSurgeryPlanner;
		};
		F871E1EA2D915ED300BBB76C /* PBXContainerItemProxy */ = {
			isa = PBXContainerItemProxy;
			containerPortal = F871E1C62D915ED000BBB76C /* Project object */;
			proxyType = 1;
			remoteGlobalIDString = F871E1CD2D915ED000BBB76C;
			remoteInfo = KneeSurgeryPlanner;
		};
/* End PBXContainerItemProxy section */

/* Begin PBXFileReference section */
		F871E1CE2D915ED000BBB76C /* KneeSurgeryPlanner.app */ = {isa = PBXFileReference; explicitFileType = wrapper.application; includeInIndex = 0; path = KneeSurgeryPlanner.app; sourceTree = BUILT_PRODUCTS_DIR; };
		F871E1DF2D915ED300BBB76C /* KneeSurgeryPlannerTests.xctest */ = {isa = PBXFileReference; explicitFileType = wrapper.cfbundle; includeInIndex = 0; path = KneeSurgeryPlannerTests.xctest; sourceTree = BUILT_PRODUCTS_DIR; };
		F871E1E92D915ED300BBB76C /* KneeSurgeryPlannerUITests.xctest */ = {isa = PBXFileReference; explicitFileType = wrapper.cfbundle; includeInIndex = 0; path = KneeSurgeryPlannerUITests.xctest; sourceTree = BUILT_PRODUCTS_DIR; };
/* End PBXFileReference section */

/* Begin PBXFileSystemSynchronizedRootGroup section */
		F871E1D02D915ED000BBB76C /* KneeSurgeryPlanner */ = {
			isa = PBXFileSystemSynchronizedRootGroup;
			path = KneeSurgeryPlanner;
			sourceTree = "<group>";
		};
		F871E1E22D915ED300BBB76C /* KneeSurgeryPlannerTests */ = {
			isa = PBXFileSystemSynchronizedRootGroup;
			path = KneeSurgeryPlannerTests;
			sourceTree = "<group>";
		};
		F871E1EC2D915ED300BBB76C /* KneeSurgeryPlannerUITests */ = {
			isa = PBXFileSystemSynchronizedRootGroup;
			path = KneeSurgeryPlannerUITests;
			sourceTree = "<group>";
		};
		F871E2152D91674600BBB76C /* Resources */ = {
			isa = PBXFileSystemSynchronizedRootGroup;
			path = Resources;
			sourceTree = "<group>";
		};
		F871E2162D91675300BBB76C /* Data */ = {
			isa = PBXFileSystemSynchronizedRootGroup;
			path = Data;
			sourceTree = "<group>";
		};
		F871E2192D91677C00BBB76C /* UI */ = {
			isa = PBXFileSystemSynchronizedRootGroup;
			path = UI;
			sourceTree = "<group>";
		};
		F871E21D2D91679D00BBB76C /* Rendering */ = {
			isa = PBXFileSystemSynchronizedRootGroup;
			path = Rendering;
			sourceTree = "<group>";
		};
		F871E2202D9167B800BBB76C /* Utilities */ = {
			isa = PBXFileSystemSynchronizedRootGroup;
			path = Utilities;
			sourceTree = "<group>";
		};
/* End PBXFileSystemSynchronizedRootGroup section */

/* Begin PBXFrameworksBuildPhase section */
		F871E1CB2D915ED000BBB76C /* Frameworks */ = {
			isa = PBXFrameworksBuildPhase;
			buildActionMask = 2147483647;
			files = (
			);
			runOnlyForDeploymentPostprocessing = 0;
		};
		F871E1DC2D915ED300BBB76C /* Frameworks */ = {
			isa = PBXFrameworksBuildPhase;
			buildActionMask = 2147483647;
			files = (
			);
			runOnlyForDeploymentPostprocessing = 0;
		};
		F871E1E62D915ED300BBB76C /* Frameworks */ = {
			isa = PBXFrameworksBuildPhase;
			buildActionMask = 2147483647;
			files = (
			);
			runOnlyForDeploymentPostprocessing = 0;
		};
/* End PBXFrameworksBuildPhase section */

/* Begin PBXGroup section */
		F871E1C52D915ED000BBB76C = {
			isa = PBXGroup;
			children = (
				F871E2202D9167B800BBB76C /* Utilities */,
				F871E21D2D91679D00BBB76C /* Rendering */,
				F871E2192D91677C00BBB76C /* UI */,
				F871E2162D91675300BBB76C /* Data */,
				F871E1D02D915ED000BBB76C /* KneeSurgeryPlanner */,
				F871E1E22D915ED300BBB76C /* KneeSurgeryPlannerTests */,
				F871E1EC2D915ED300BBB76C /* KneeSurgeryPlannerUITests */,
				F871E1CF2D915ED000BBB76C /* Products */,
				F871E2152D91674600BBB76C /* Resources */,
			);
			sourceTree = "<group>";
		};
		F871E1CF2D915ED000BBB76C /* Products */ = {
			isa = PBXGroup;
			children = (
				F871E1CE2D915ED000BBB76C /* KneeSurgeryPlanner.app */,
				F871E1DF2D915ED300BBB76C /* KneeSurgeryPlannerTests.xctest */,
				F871E1E92D915ED300BBB76C /* KneeSurgeryPlannerUITests.xctest */,
			);
			name = Products;
			sourceTree = "<group>";
		};
/* End PBXGroup section */

/* Begin PBXNativeTarget section */
		F871E1CD2D915ED000BBB76C /* KneeSurgeryPlanner */ = {
			isa = PBXNativeTarget;
			buildConfigurationList = F871E1F32D915ED300BBB76C /* Build configuration list for PBXNativeTarget "KneeSurgeryPlanner" */;
			buildPhases = (
				F871E1CA2D915ED000BBB76C /* Sources */,
				F871E1CB2D915ED000BBB76C /* Frameworks */,
				F871E1CC2D915ED000BBB76C /* Resources */,
			);
			buildRules = (
			);
			dependencies = (
			);
			fileSystemSynchronizedGroups = (
				F871E1D02D915ED000BBB76C /* KneeSurgeryPlanner */,
				F871E2152D91674600BBB76C /* Resources */,
				F871E2162D91675300BBB76C /* Data */,
				F871E2192D91677C00BBB76C /* UI */,
				F871E21D2D91679D00BBB76C /* Rendering */,
				F871E2202D9167B800BBB76C /* Utilities */,
			);
			name = KneeSurgeryPlanner;
			packageProductDependencies = (
			);
			productName = KneeSurgeryPlanner;
			productReference = F871E1CE2D915ED000BBB76C /* KneeSurgeryPlanner.app */;
			productType = "com.apple.product-type.application";
		};
		F871E1DE2D915ED300BBB76C /* KneeSurgeryPlannerTests */ = {
			isa = PBXNativeTarget;
			buildConfigurationList = F871E1F62D915ED300BBB76C /* Build configuration list for PBXNativeTarget "KneeSurgeryPlannerTests" */;
			buildPhases = (
				F871E1DB2D915ED300BBB76C /* Sources */,
				F871E1DC2D915ED300BBB76C /* Frameworks */,
				F871E1DD2D915ED300BBB76C /* Resources */,
			);
			buildRules = (
			);
			dependencies = (
				F871E1E12D915ED300BBB76C /* PBXTargetDependency */,
			);
			fileSystemSynchronizedGroups = (
				F871E1E22D915ED300BBB76C /* KneeSurgeryPlannerTests */,
			);
			name = KneeSurgeryPlannerTests;
			packageProductDependencies = (
			);
			productName = KneeSurgeryPlannerTests;
			productReference = F871E1DF2D915ED300BBB76C /* KneeSurgeryPlannerTests.xctest */;
			productType = "com.apple.product-type.bundle.unit-test";
		};
		F871E1E82D915ED300BBB76C /* KneeSurgeryPlannerUITests */ = {
			isa = PBXNativeTarget;
			buildConfigurationList = F871E1F92D915ED300BBB76C /* Build configuration list for PBXNativeTarget "KneeSurgeryPlannerUITests" */;
			buildPhases = (
				F871E1E52D915ED300BBB76C /* Sources */,
				F871E1E62D915ED300BBB76C /* Frameworks */,
				F871E1E72D915ED300BBB76C /* Resources */,
			);
			buildRules = (
			);
			dependencies = (
				F871E1EB2D915ED300BBB76C /* PBXTargetDependency */,
			);
			fileSystemSynchronizedGroups = (
				F871E1EC2D915ED300BBB76C /* KneeSurgeryPlannerUITests */,
			);
			name = KneeSurgeryPlannerUITests;
			packageProductDependencies = (
			);
			productName = KneeSurgeryPlannerUITests;
			productReference = F871E1E92D915ED300BBB76C /* KneeSurgeryPlannerUITests.xctest */;
			productType = "com.apple.product-type.bundle.ui-testing";
		};
/* End PBXNativeTarget section */

/* Begin PBXProject section */
		F871E1C62D915ED000BBB76C /* Project object */ = {
			isa = PBXProject;
			attributes = {
				BuildIndependentTargetsInParallel = 1;
				LastSwiftUpdateCheck = 1620;
				LastUpgradeCheck = 1620;
				TargetAttributes = {
					F871E1CD2D915ED000BBB76C = {
						CreatedOnToolsVersion = 16.2;
					};
					F871E1DE2D915ED300BBB76C = {
						CreatedOnToolsVersion = 16.2;
						TestTargetID = F871E1CD2D915ED000BBB76C;
					};
					F871E1E82D915ED300BBB76C = {
						CreatedOnToolsVersion = 16.2;
						TestTargetID = F871E1CD2D915ED000BBB76C;
					};
				};
			};
			buildConfigurationList = F871E1C92D915ED000BBB76C /* Build configuration list for PBXProject "KneeSurgeryPlanner" */;
			developmentRegion = en;
			hasScannedForEncodings = 0;
			knownRegions = (
				en,
				Base,
			);
			mainGroup = F871E1C52D915ED000BBB76C;
			minimizedProjectReferenceProxies = 1;
			packageReferences = (
			);
			preferredProjectObjectVersion = 77;
			productRefGroup = F871E1CF2D915ED000BBB76C /* Products */;
			projectDirPath = "";
			projectRoot = "";
			targets = (
				F871E1CD2D915ED000BBB76C /* KneeSurgeryPlanner */,
				F871E1DE2D915ED300BBB76C /* KneeSurgeryPlannerTests */,
				F871E1E82D915ED300BBB76C /* KneeSurgeryPlannerUITests */,
			);
		};
/* End PBXProject section */

/* Begin PBXResourcesBuildPhase section */
		F871E1CC2D915ED000BBB76C /* Resources */ = {
			isa = PBXResourcesBuildPhase;
			buildActionMask = 2147483647;
			files = (
			);
			runOnlyForDeploymentPostprocessing = 0;
		};
		F871E1DD2D915ED300BBB76C /* Resources */ = {
			isa = PBXResourcesBuildPhase;
			buildActionMask = 2147483647;
			files = (
			);
			runOnlyForDeploymentPostprocessing = 0;
		};
		F871E1E72D915ED300BBB76C /* Resources */ = {
			isa = PBXResourcesBuildPhase;
			buildActionMask = 2147483647;
			files = (
			);
			runOnlyForDeploymentPostprocessing = 0;
		};
/* End PBXResourcesBuildPhase section */

/* Begin PBXSourcesBuildPhase section */
		F871E1CA2D915ED000BBB76C /* Sources */ = {
			isa = PBXSourcesBuildPhase;
			buildActionMask = 2147483647;
			files = (
			);
			runOnlyForDeploymentPostprocessing = 0;
		};
		F871E1DB2D915ED300BBB76C /* Sources */ = {
			isa = PBXSourcesBuildPhase;
			buildActionMask = 2147483647;
			files = (
			);
			runOnlyForDeploymentPostprocessing = 0;
		};
		F871E1E52D915ED300BBB76C /* Sources */ = {
			isa = PBXSourcesBuildPhase;
			buildActionMask = 2147483647;
			files = (
			);
			runOnlyForDeploymentPostprocessing = 0;
		};
/* End PBXSourcesBuildPhase section */

/* Begin PBXTargetDependency section */
		F871E1E12D915ED300BBB76C /* PBXTargetDependency */ = {
			isa = PBXTargetDependency;
			target = F871E1CD2D915ED000BBB76C /* KneeSurgeryPlanner */;
			targetProxy = F871E1E02D915ED300BBB76C /* PBXContainerItemProxy */;
		};
		F871E1EB2D915ED300BBB76C /* PBXTargetDependency */ = {
			isa = PBXTargetDependency;
			target = F871E1CD2D915ED000BBB76C /* KneeSurgeryPlanner */;
			targetProxy = F871E1EA2D915ED300BBB76C /* PBXContainerItemProxy */;
		};
/* End PBXTargetDependency section */

/* Begin XCBuildConfiguration section */
		F871E1F12D915ED300BBB76C /* Debug */ = {
			isa = XCBuildConfiguration;
			buildSettings = {
				ALWAYS_SEARCH_USER_PATHS = NO;
				ASSETCATALOG_COMPILER_GENERATE_SWIFT_ASSET_SYMBOL_EXTENSIONS = YES;
				CLANG_ANALYZER_NONNULL = YES;
				CLANG_ANALYZER_NUMBER_OBJECT_CONVERSION = YES_AGGRESSIVE;
				CLANG_CXX_LANGUAGE_STANDARD = "gnu++20";
				CLANG_ENABLE_MODULES = YES;
				CLANG_ENABLE_OBJC_ARC = YES;
				CLANG_ENABLE_OBJC_WEAK = YES;
				CLANG_WARN_BLOCK_CAPTURE_AUTORELEASING = YES;
				CLANG_WARN_BOOL_CONVERSION = YES;
				CLANG_WARN_COMMA = YES;
				CLANG_WARN_CONSTANT_CONVERSION = YES;
				CLANG_WARN_DEPRECATED_OBJC_IMPLEMENTATIONS = YES;
				CLANG_WARN_DIRECT_OBJC_ISA_USAGE = YES_ERROR;
				CLANG_WARN_DOCUMENTATION_COMMENTS = YES;
				CLANG_WARN_EMPTY_BODY = YES;
				CLANG_WARN_ENUM_CONVERSION = YES;
				CLANG_WARN_INFINITE_RECURSION = YES;
				CLANG_WARN_INT_CONVERSION = YES;
				CLANG_WARN_NON_LITERAL_NULL_CONVERSION = YES;
				CLANG_WARN_OBJC_IMPLICIT_RETAIN_SELF = YES;
				CLANG_WARN_OBJC_LITERAL_CONVERSION = YES;
				CLANG_WARN_OBJC_ROOT_CLASS = YES_ERROR;
				CLANG_WARN_QUOTED_INCLUDE_IN_FRAMEWORK_HEADER = YES;
				CLANG_WARN_RANGE_LOOP_ANALYSIS = YES;
				CLANG_WARN_STRICT_PROTOTYPES = YES;
				CLANG_WARN_SUSPICIOUS_MOVE = YES;
				CLANG_WARN_UNGUARDED_AVAILABILITY = YES_AGGRESSIVE;
				CLANG_WARN_UNREACHABLE_CODE = YES;
				CLANG_WARN__DUPLICATE_METHOD_MATCH = YES;
				COPY_PHASE_STRIP = NO;
				DEBUG_INFORMATION_FORMAT = dwarf;
				ENABLE_STRICT_OBJC_MSGSEND = YES;
				ENABLE_TESTABILITY = YES;
				ENABLE_USER_SCRIPT_SANDBOXING = YES;
				GCC_C_LANGUAGE_STANDARD = gnu17;
				GCC_DYNAMIC_NO_PIC = NO;
				GCC_NO_COMMON_BLOCKS = YES;
				GCC_OPTIMIZATION_LEVEL = 0;
				GCC_PREPROCESSOR_DEFINITIONS = (
					"DEBUG=1",
					"$(inherited)",
				);
				GCC_WARN_64_TO_32_BIT_CONVERSION = YES;
				GCC_WARN_ABOUT_RETURN_TYPE = YES_ERROR;
				GCC_WARN_UNDECLARED_SELECTOR = YES;
				GCC_WARN_UNINITIALIZED_AUTOS = YES_AGGRESSIVE;
				GCC_WARN_UNUSED_FUNCTION = YES;
				GCC_WARN_UNUSED_VARIABLE = YES;
				LOCALIZATION_PREFERS_STRING_CATALOGS = YES;
				MACOSX_DEPLOYMENT_TARGET = 15.2;
				MTL_ENABLE_DEBUG_INFO = INCLUDE_SOURCE;
				MTL_FAST_MATH = YES;
				ONLY_ACTIVE_ARCH = YES;
				SDKROOT = macosx;
				SWIFT_ACTIVE_COMPILATION_CONDITIONS = "DEBUG $(inherited)";
				SWIFT_OPTIMIZATION_LEVEL = "-Onone";
			};
			name = Debug;
		};
		F871E1F22D915ED300BBB76C /* Release */ = {
			isa = XCBuildConfiguration;
			buildSettings = {
				ALWAYS_SEARCH_USER_PATHS = NO;
				ASSETCATALOG_COMPILER_GENERATE_SWIFT_ASSET_SYMBOL_EXTENSIONS = YES;
				CLANG_ANALYZER_NONNULL = YES;
				CLANG_ANALYZER_NUMBER_OBJECT_CONVERSION = YES_AGGRESSIVE;
				CLANG_CXX_LANGUAGE_STANDARD = "gnu++20";
				CLANG_ENABLE_MODULES = YES;
				CLANG_ENABLE_OBJC_ARC = YES;
				CLANG_ENABLE_OBJC_WEAK = YES;
				CLANG_WARN_BLOCK_CAPTURE_AUTORELEASING = YES;
				CLANG_WARN_BOOL_CONVERSION = YES;
				CLANG_WARN_COMMA = YES;
				CLANG_WARN_CONSTANT_CONVERSION = YES;
				CLANG_WARN_DEPRECATED_OBJC_IMPLEMENTATIONS = YES;
				CLANG_WARN_DIRECT_OBJC_ISA_USAGE = YES_ERROR;
				CLANG_WARN_DOCUMENTATION_COMMENTS = YES;
				CLANG_WARN_EMPTY_BODY = YES;
				CLANG_WARN_ENUM_CONVERSION = YES;
				CLANG_WARN_INFINITE_RECURSION = YES;
				CLANG_WARN_INT_CONVERSION = YES;
				CLANG_WARN_NON_LITERAL_NULL_CONVERSION = YES;
				CLANG_WARN_OBJC_IMPLICIT_RETAIN_SELF = YES;
				CLANG_WARN_OBJC_LITERAL_CONVERSION = YES;
				CLANG_WARN_OBJC_ROOT_CLASS = YES_ERROR;
				CLANG_WARN_QUOTED_INCLUDE_IN_FRAMEWORK_HEADER = YES;
				CLANG_WARN_RANGE_LOOP_ANALYSIS = YES;
				CLANG_WARN_STRICT_PROTOTYPES = YES;
				CLANG_WARN_SUSPICIOUS_MOVE = YES;
				CLANG_WARN_UNGUARDED_AVAILABILITY = YES_AGGRESSIVE;
				CLANG_WARN_UNREACHABLE_CODE = YES;
				CLANG_WARN__DUPLICATE_METHOD_MATCH = YES;
				COPY_PHASE_STRIP = NO;
				DEBUG_INFORMATION_FORMAT = "dwarf-with-dsym";
				ENABLE_NS_ASSERTIONS = NO;
				ENABLE_STRICT_OBJC_MSGSEND = YES;
				ENABLE_USER_SCRIPT_SANDBOXING = YES;
				GCC_C_LANGUAGE_STANDARD = gnu17;
				GCC_NO_COMMON_BLOCKS = YES;
				GCC_WARN_64_TO_32_BIT_CONVERSION = YES;
				GCC_WARN_ABOUT_RETURN_TYPE = YES_ERROR;
				GCC_WARN_UNDECLARED_SELECTOR = YES;
				GCC_WARN_UNINITIALIZED_AUTOS = YES_AGGRESSIVE;
				GCC_WARN_UNUSED_FUNCTION = YES;
				GCC_WARN_UNUSED_VARIABLE = YES;
				LOCALIZATION_PREFERS_STRING_CATALOGS = YES;
				MACOSX_DEPLOYMENT_TARGET = 15.2;
				MTL_ENABLE_DEBUG_INFO = NO;
				MTL_FAST_MATH = YES;
				SDKROOT = macosx;
				SWIFT_COMPILATION_MODE = wholemodule;
			};
			name = Release;
		};
		F871E1F42D915ED300BBB76C /* Debug */ = {
			isa = XCBuildConfiguration;
			buildSettings = {
				ASSETCATALOG_COMPILER_APPICON_NAME = AppIcon;
				ASSETCATALOG_COMPILER_GLOBAL_ACCENT_COLOR_NAME = AccentColor;
				CODE_SIGN_ENTITLEMENTS = KneeSurgeryPlanner/KneeSurgeryPlanner.entitlements;
				CODE_SIGN_STYLE = Automatic;
				COMBINE_HIDPI_IMAGES = YES;
				CURRENT_PROJECT_VERSION = 1;
				DEVELOPMENT_ASSET_PATHS = "\"KneeSurgeryPlanner/Preview Content\"";
				DEVELOPMENT_TEAM = 7KHS7UG824;
				ENABLE_HARDENED_RUNTIME = YES;
				ENABLE_PREVIEWS = YES;
				GENERATE_INFOPLIST_FILE = YES;
				INFOPLIST_KEY_NSHumanReadableCopyright = "";
				LD_RUNPATH_SEARCH_PATHS = (
					"$(inherited)",
					"@executable_path/../Frameworks",
				);
				MACOSX_DEPLOYMENT_TARGET = 15.2;
				MARKETING_VERSION = 1.0;
				PRODUCT_BUNDLE_IDENTIFIER = unibo.KneeSurgeryPlanner;
				PRODUCT_NAME = "$(TARGET_NAME)";
				SWIFT_EMIT_LOC_STRINGS = YES;
				SWIFT_VERSION = 5.0;
			};
			name = Debug;
		};
		F871E1F52D915ED300BBB76C /* Release */ = {
			isa = XCBuildConfiguration;
			buildSettings = {
				ASSETCATALOG_COMPILER_APPICON_NAME = AppIcon;
				ASSETCATALOG_COMPILER_GLOBAL_ACCENT_COLOR_NAME = AccentColor;
				CODE_SIGN_ENTITLEMENTS = KneeSurgeryPlanner/KneeSurgeryPlanner.entitlements;
				CODE_SIGN_STYLE = Automatic;
				COMBINE_HIDPI_IMAGES = YES;
				CURRENT_PROJECT_VERSION = 1;
				DEVELOPMENT_ASSET_PATHS = "\"KneeSurgeryPlanner/Preview Content\"";
				DEVELOPMENT_TEAM = 7KHS7UG824;
				ENABLE_HARDENED_RUNTIME = YES;
				ENABLE_PREVIEWS = YES;
				GENERATE_INFOPLIST_FILE = YES;
				INFOPLIST_KEY_NSHumanReadableCopyright = "";
				LD_RUNPATH_SEARCH_PATHS = (
					"$(inherited)",
					"@executable_path/../Frameworks",
				);
				MACOSX_DEPLOYMENT_TARGET = 15.2;
				MARKETING_VERSION = 1.0;
				PRODUCT_BUNDLE_IDENTIFIER = unibo.KneeSurgeryPlanner;
				PRODUCT_NAME = "$(TARGET_NAME)";
				SWIFT_EMIT_LOC_STRINGS = YES;
				SWIFT_VERSION = 5.0;
			};
			name = Release;
		};
		F871E1F72D915ED300BBB76C /* Debug */ = {
			isa = XCBuildConfiguration;
			buildSettings = {
				BUNDLE_LOADER = "$(TEST_HOST)";
				CODE_SIGN_STYLE = Automatic;
				CURRENT_PROJECT_VERSION = 1;
				DEVELOPMENT_TEAM = 7KHS7UG824;
				GENERATE_INFOPLIST_FILE = YES;
				MACOSX_DEPLOYMENT_TARGET = 15.2;
				MARKETING_VERSION = 1.0;
				PRODUCT_BUNDLE_IDENTIFIER = unibo.KneeSurgeryPlannerTests;
				PRODUCT_NAME = "$(TARGET_NAME)";
				SWIFT_EMIT_LOC_STRINGS = NO;
				SWIFT_VERSION = 5.0;
				TEST_HOST = "$(BUILT_PRODUCTS_DIR)/KneeSurgeryPlanner.app/$(BUNDLE_EXECUTABLE_FOLDER_PATH)/KneeSurgeryPlanner";
			};
			name = Debug;
		};
		F871E1F82D915ED300BBB76C /* Release */ = {
			isa = XCBuildConfiguration;
			buildSettings = {
				BUNDLE_LOADER = "$(TEST_HOST)";
				CODE_SIGN_STYLE = Automatic;
				CURRENT_PROJECT_VERSION = 1;
				DEVELOPMENT_TEAM = 7KHS7UG824;
				GENERATE_INFOPLIST_FILE = YES;
				MACOSX_DEPLOYMENT_TARGET = 15.2;
				MARKETING_VERSION = 1.0;
				PRODUCT_BUNDLE_IDENTIFIER = unibo.KneeSurgeryPlannerTests;
				PRODUCT_NAME = "$(TARGET_NAME)";
				SWIFT_EMIT_LOC_STRINGS = NO;
				SWIFT_VERSION = 5.0;
				TEST_HOST = "$(BUILT_PRODUCTS_DIR)/KneeSurgeryPlanner.app/$(BUNDLE_EXECUTABLE_FOLDER_PATH)/KneeSurgeryPlanner";
			};
			name = Release;
		};
		F871E1FA2D915ED300BBB76C /* Debug */ = {
			isa = XCBuildConfiguration;
			buildSettings = {
				CODE_SIGN_STYLE = Automatic;
				CURRENT_PROJECT_VERSION = 1;
				DEVELOPMENT_TEAM = 7KHS7UG824;
				GENERATE_INFOPLIST_FILE = YES;
				MARKETING_VERSION = 1.0;
				PRODUCT_BUNDLE_IDENTIFIER = unibo.KneeSurgeryPlannerUITests;
				PRODUCT_NAME = "$(TARGET_NAME)";
				SWIFT_EMIT_LOC_STRINGS = NO;
				SWIFT_VERSION = 5.0;
				TEST_TARGET_NAME = KneeSurgeryPlanner;
			};
			name = Debug;
		};
		F871E1FB2D915ED300BBB76C /* Release */ = {
			isa = XCBuildConfiguration;
			buildSettings = {
				CODE_SIGN_STYLE = Automatic;
				CURRENT_PROJECT_VERSION = 1;
				DEVELOPMENT_TEAM = 7KHS7UG824;
				GENERATE_INFOPLIST_FILE = YES;
				MARKETING_VERSION = 1.0;
				PRODUCT_BUNDLE_IDENTIFIER = unibo.KneeSurgeryPlannerUITests;
				PRODUCT_NAME = "$(TARGET_NAME)";
				SWIFT_EMIT_LOC_STRINGS = NO;
				SWIFT_VERSION = 5.0;
				TEST_TARGET_NAME = KneeSurgeryPlanner;
			};
			name = Release;
		};
/* End XCBuildConfiguration section */

/* Begin XCConfigurationList section */
		F871E1C92D915ED000BBB76C /* Build configuration list for PBXProject "KneeSurgeryPlanner" */ = {
			isa = XCConfigurationList;
			buildConfigurations = (
				F871E1F12D915ED300BBB76C /* Debug */,
				F871E1F22D915ED300BBB76C /* Release */,
			);
			defaultConfigurationIsVisible = 0;
			defaultConfigurationName = Release;
		};
		F871E1F32D915ED300BBB76C /* Build configuration list for PBXNativeTarget "KneeSurgeryPlanner" */ = {
			isa = XCConfigurationList;
			buildConfigurations = (
				F871E1F42D915ED300BBB76C /* Debug */,
				F871E1F52D915ED300BBB76C /* Release */,
			);
			defaultConfigurationIsVisible = 0;
			defaultConfigurationName = Release;
		};
		F871E1F62D915ED300BBB76C /* Build configuration list for PBXNativeTarget "KneeSurgeryPlannerTests" */ = {
			isa = XCConfigurationList;
			buildConfigurations = (
				F871E1F72D915ED300BBB76C /* Debug */,
				F871E1F82D915ED300BBB76C /* Release */,
			);
			defaultConfigurationIsVisible = 0;
			defaultConfigurationName = Release;
		};
		F871E1F92D915ED300BBB76C /* Build configuration list for PBXNativeTarget "KneeSurgeryPlannerUITests" */ = {
			isa = XCConfigurationList;
			buildConfigurations = (
				F871E1FA2D915ED300BBB76C /* Debug */,
				F871E1FB2D915ED300BBB76C /* Release */,
			);
			defaultConfigurationIsVisible = 0;
			defaultConfigurationName = Release;
		};
/* End XCConfigurationList section */
	};
	rootObject = F871E1C62D915ED000BBB76C /* Project object */;
}
